
Microsoft Visual Studio Solution File, Format Version 12.00
# Visual Studio Version 17
VisualStudioVersion = 17.5.2.0
MinimumVisualStudioVersion = 10.0.40219.1
Project("{FAE04EC0-301F-11D3-BF4B-00C04F79EFBC}") = "AgenticApiDemo", "AgenticApiDemo.csproj", "{EF661B3D-FDE3-5727-0A0F-B03F554CF40F}"
EndProject
Project("{2150E333-8FDC-42A3-9474-1A3956D46DE8}") = "tests", "tests", "{0AB3BF05-4346-4AA6-1389-037BE0695223}"
EndProject
Project("{FAE04EC0-301F-11D3-BF4B-00C04F79EFBC}") = "AgenticApiDemo.Tests", "tests\AgenticApiDemo.Tests\AgenticApiDemo.Tests.csproj", "{39D9A443-1EE1-4450-AD4D-CF701CE8BE46}"
EndProject
Global
	GlobalSection(SolutionConfigurationPlatforms) = preSolution
		Debug|Any CPU = Debug|Any CPU
		Debug|x64 = Debug|x64
		Debug|x86 = Debug|x86
		Release|Any CPU = Release|Any CPU
		Release|x64 = Release|x64
		Release|x86 = Release|x86
	EndGlobalSection
	GlobalSection(ProjectConfigurationPlatforms) = postSolution
		{EF661B3D-FDE3-5727-0A0F-B03F554CF40F}.Debug|Any CPU.ActiveCfg = Debug|Any CPU
		{EF661B3D-FDE3-5727-0A0F-B03F554CF40F}.Debug|Any CPU.Build.0 = Debug|Any CPU
		{EF661B3D-FDE3-5727-0A0F-B03F554CF40F}.Debug|x64.ActiveCfg = Debug|Any CPU
		{EF661B3D-FDE3-5727-0A0F-B03F554CF40F}.Debug|x64.Build.0 = Debug|Any CPU
		{EF661B3D-FDE3-5727-0A0F-B03F554CF40F}.Debug|x86.ActiveCfg = Debug|Any CPU
		{EF661B3D-FDE3-5727-0A0F-B03F554CF40F}.Debug|x86.Build.0 = Debug|Any CPU
		{EF661B3D-FDE3-5727-0A0F-B03F554CF40F}.Release|Any CPU.ActiveCfg = Release|Any CPU
		{EF661B3D-FDE3-5727-0A0F-B03F554CF40F}.Release|Any CPU.Build.0 = Release|Any CPU
		{EF661B3D-FDE3-5727-0A0F-B03F554CF40F}.Release|x64.ActiveCfg = Release|Any CPU
		{EF661B3D-FDE3-5727-0A0F-B03F554CF40F}.Release|x64.Build.0 = Release|Any CPU
		{EF661B3D-FDE3-5727-0A0F-B03F554CF40F}.Release|x86.ActiveCfg = Release|Any CPU
		{EF661B3D-FDE3-5727-0A0F-B03F554CF40F}.Release|x86.Build.0 = Release|Any CPU
		{39D9A443-1EE1-4450-AD4D-CF701CE8BE46}.Debug|Any CPU.ActiveCfg = Debug|Any CPU
		{39D9A443-1EE1-4450-AD4D-CF701CE8BE46}.Debug|Any CPU.Build.0 = Debug|Any CPU
		{39D9A443-1EE1-4450-AD4D-CF701CE8BE46}.Debug|x64.ActiveCfg = Debug|Any CPU
		{39D9A443-1EE1-4450-AD4D-CF701CE8BE46}.Debug|x64.Build.0 = Debug|Any CPU
		{39D9A443-1EE1-4450-AD4D-CF701CE8BE46}.Debug|x86.ActiveCfg = Debug|Any CPU
		{39D9A443-1EE1-4450-AD4D-CF701CE8BE46}.Debug|x86.Build.0 = Debug|Any CPU
		{39D9A443-1EE1-4450-AD4D-CF701CE8BE46}.Release|Any CPU.ActiveCfg = Release|Any CPU
		{39D9A443-1EE1-4450-AD4D-CF701CE8BE46}.Release|Any CPU.Build.0 = Release|Any CPU
		{39D9A443-1EE1-4450-AD4D-CF701CE8BE46}.Release|x64.ActiveCfg = Release|Any CPU
		{39D9A443-1EE1-4450-AD4D-CF701CE8BE46}.Release|x64.Build.0 = Release|Any CPU
		{39D9A443-1EE1-4450-AD4D-CF701CE8BE46}.Release|x86.ActiveCfg = Release|Any CPU
		{39D9A443-1EE1-4450-AD4D-CF701CE8BE46}.Release|x86.Build.0 = Release|Any CPU
	EndGlobalSection
	GlobalSection(SolutionProperties) = preSolution
		HideSolutionNode = FALSE
	EndGlobalSection
	GlobalSection(NestedProjects) = preSolution
		{39D9A443-1EE1-4450-AD4D-CF701CE8BE46} = {0AB3BF05-4346-4AA6-1389-037BE0695223}
	EndGlobalSection
	GlobalSection(ExtensibilityGlobals) = postSolution
		SolutionGuid = {D58C8F0A-20FA-4F13-ABD8-68AF80857763}
	EndGlobalSection
EndGlobal
