Microsoft Visual Studio Solution File, Format Version 12.00
# Visual Studio Version 17
VisualStudioVersion = 17.5.2.0
MinimumVisualStudioVersion = 10.0.40219.1
Project("{FAE04EC0-301F-11D3-BF4B-00C04F79EFBC}") = "AgenticApiDemo", "AgenticApiDemo.csproj", "{EF661B3D-FDE3-5727-0A0F-B03F554CF40F}"
EndProject
Global
	GlobalSection(SolutionConfigurationPlatforms) = preSolution
		Debug|Any CPU = Debug|Any CPU
		Release|Any CPU = Release|Any CPU
	EndGlobalSection
	GlobalSection(ProjectConfigurationPlatforms) = postSolution
		{EF661B3D-FDE3-5727-0A0F-B03F554CF40F}.Debug|Any CPU.ActiveCfg = Debug|Any CPU
		{EF661B3D-FDE3-5727-0A0F-B03F554CF40F}.Debug|Any CPU.Build.0 = Debug|Any CPU
		{EF661B3D-FDE3-5727-0A0F-B03F554CF40F}.Release|Any CPU.ActiveCfg = Release|Any CPU
		{EF661B3D-FDE3-5727-0A0F-B03F554CF40F}.Release|Any CPU.Build.0 = Release|Any CPU
	EndGlobalSection
	GlobalSection(SolutionProperties) = preSolution
		HideSolutionNode = FALSE
	EndGlobalSection
	GlobalSection(ExtensibilityGlobals) = postSolution
		SolutionGuid = {D58C8F0A-20FA-4F13-ABD8-68AF80857763}
	EndGlobalSection
EndGlobal
